// !$*UTF8*$!
{
	archiveVersion = 1;
	classes = {
	};
	objectVersion = 56;
	objects = {

/* Begin PBXBuildFile section */
		1201E6132B5E113100682E71 /* AppDelegate.swift in Sources */ = {isa = PBXBuildFile; fileRef = 1201E6122B5E113100682E71 /* AppDelegate.swift */; };
		1201E6172B5E113100682E71 /* SplashViewController.swift in Sources */ = {isa = PBXBuildFile; fileRef = 1201E6162B5E113100682E71 /* SplashViewController.swift */; };
		1201E61C2B5E113200682E71 /* Assets.xcassets in Resources */ = {isa = PBXBuildFile; fileRef = 1201E61B2B5E113200682E71 /* Assets.xcassets */; };
		1201E61F2B5E113200682E71 /* LaunchScreen.storyboard in Resources */ = {isa = PBXBuildFile; fileRef = 1201E61D2B5E113200682E71 /* LaunchScreen.storyboard */; };
		1201E6282B5E177100682E71 /* SplashView.swift in Sources */ = {isa = PBXBuildFile; fileRef = 1201E6272B5E177100682E71 /* SplashView.swift */; };
		1201E62A2B5E177F00682E71 /* SplashViewModel.swift in Sources */ = {isa = PBXBuildFile; fileRef = 1201E6292B5E177F00682E71 /* SplashViewModel.swift */; };
		1201E62E2B5E186200682E71 /* GradientView.swift in Sources */ = {isa = PBXBuildFile; fileRef = 1201E62D2B5E186200682E71 /* GradientView.swift */; };
		1201E6312B5E18E100682E71 /* String+Extension.swift in Sources */ = {isa = PBXBuildFile; fileRef = 1201E6302B5E18E100682E71 /* String+Extension.swift */; };
		1201E6342B5E194800682E71 /* UIColor+Extension.swift in Sources */ = {isa = PBXBuildFile; fileRef = 1201E6332B5E194800682E71 /* UIColor+Extension.swift */; };
		1201E63E2B5E202E00682E71 /* Localizable.strings in Resources */ = {isa = PBXBuildFile; fileRef = 1201E63D2B5E202E00682E71 /* Localizable.strings */; };
		1201E6412B5E227E00682E71 /* TextAttributes.swift in Sources */ = {isa = PBXBuildFile; fileRef = 1201E6402B5E227E00682E71 /* TextAttributes.swift */; };
		1201E6432B5E229A00682E71 /* ScreenSize.swift in Sources */ = {isa = PBXBuildFile; fileRef = 1201E6422B5E229A00682E71 /* ScreenSize.swift */; };
		1201E6452B5E22C300682E71 /* Scalable.swift in Sources */ = {isa = PBXBuildFile; fileRef = 1201E6442B5E22C300682E71 /* Scalable.swift */; };
		1201E6472B5E22E200682E71 /* Fonts.swift in Sources */ = {isa = PBXBuildFile; fileRef = 1201E6462B5E22E200682E71 /* Fonts.swift */; };
		1201E64E2B5E423000682E71 /* User.swift in Sources */ = {isa = PBXBuildFile; fileRef = 1201E64D2B5E423000682E71 /* User.swift */; };
		1201E6502B5E427500682E71 /* UserManager.swift in Sources */ = {isa = PBXBuildFile; fileRef = 1201E64F2B5E427500682E71 /* UserManager.swift */; };
		1201E6532B5E474400682E71 /* NameView.swift in Sources */ = {isa = PBXBuildFile; fileRef = 1201E6522B5E474400682E71 /* NameView.swift */; };
		1201E6552B5E475500682E71 /* NameRequestViewController.swift in Sources */ = {isa = PBXBuildFile; fileRef = 1201E6542B5E475500682E71 /* NameRequestViewController.swift */; };
		1201E6582B5E47B700682E71 /* MainView.swift in Sources */ = {isa = PBXBuildFile; fileRef = 1201E6572B5E47B700682E71 /* MainView.swift */; };
		1201E65A2B5E47C100682E71 /* MainViewController.swift in Sources */ = {isa = PBXBuildFile; fileRef = 1201E6592B5E47C100682E71 /* MainViewController.swift */; };
		1201E6862B5FB45B00682E71 /* Ubuntu-Bold.ttf in Resources */ = {isa = PBXBuildFile; fileRef = 1201E6842B5FB44F00682E71 /* Ubuntu-Bold.ttf */; };
		1201E6872B5FB45B00682E71 /* Ubuntu-Light.ttf in Resources */ = {isa = PBXBuildFile; fileRef = 1201E6822B5FB44F00682E71 /* Ubuntu-Light.ttf */; };
		1201E6882B5FB45B00682E71 /* Ubuntu-Medium.ttf in Resources */ = {isa = PBXBuildFile; fileRef = 1201E6832B5FB44F00682E71 /* Ubuntu-Medium.ttf */; };
		1201E6892B5FB45B00682E71 /* Ubuntu-Regular.ttf in Resources */ = {isa = PBXBuildFile; fileRef = 1201E6852B5FB44F00682E71 /* Ubuntu-Regular.ttf */; };
		1201E68B2B60FA1400682E71 /* PaddingLabel.swift in Sources */ = {isa = PBXBuildFile; fileRef = 1201E68A2B60FA1400682E71 /* PaddingLabel.swift */; };
		1201E68F2B61FF0F00682E71 /* InfoView.swift in Sources */ = {isa = PBXBuildFile; fileRef = 1201E68E2B61FF0F00682E71 /* InfoView.swift */; };
		1201E6912B61FF2D00682E71 /* InfoViewController.swift in Sources */ = {isa = PBXBuildFile; fileRef = 1201E6902B61FF2D00682E71 /* InfoViewController.swift */; };
		1201E6932B61FF3A00682E71 /* InfoViewModel.swift in Sources */ = {isa = PBXBuildFile; fileRef = 1201E6922B61FF3A00682E71 /* InfoViewModel.swift */; };
		1201E6962B61FF6B00682E71 /* InfoTableView.swift in Sources */ = {isa = PBXBuildFile; fileRef = 1201E6952B61FF6B00682E71 /* InfoTableView.swift */; };
		1201E6992B62000100682E71 /* InfoCell.swift in Sources */ = {isa = PBXBuildFile; fileRef = 1201E6982B62000100682E71 /* InfoCell.swift */; };
		1201E69F2B6209E700682E71 /* InfoElements.swift in Sources */ = {isa = PBXBuildFile; fileRef = 1201E69E2B6209E700682E71 /* InfoElements.swift */; };
		1201E6A22B69FF9900682E71 /* InfoTableHeaderView.swift in Sources */ = {isa = PBXBuildFile; fileRef = 1201E6A12B69FF9900682E71 /* InfoTableHeaderView.swift */; };
		1201E6A52B6A178900682E71 /* LaunchManager.swift in Sources */ = {isa = PBXBuildFile; fileRef = 1201E6A42B6A178900682E71 /* LaunchManager.swift */; };
		1201E6AB2B6B8F9D00682E71 /* InfoImageCell.swift in Sources */ = {isa = PBXBuildFile; fileRef = 1201E6AA2B6B8F9D00682E71 /* InfoImageCell.swift */; };
		1201E6AD2B6B8FB300682E71 /* InfoButtonCell.swift in Sources */ = {isa = PBXBuildFile; fileRef = 1201E6AC2B6B8FB300682E71 /* InfoButtonCell.swift */; };
		125DCD282B747A2300DCFCD5 /* AddTaskView.swift in Sources */ = {isa = PBXBuildFile; fileRef = 125DCD272B747A2300DCFCD5 /* AddTaskView.swift */; };
		125DCD2A2B747A2E00DCFCD5 /* AddTaskViewController.swift in Sources */ = {isa = PBXBuildFile; fileRef = 125DCD292B747A2E00DCFCD5 /* AddTaskViewController.swift */; };
		125DCD302B74825A00DCFCD5 /* Task.swift in Sources */ = {isa = PBXBuildFile; fileRef = 125DCD2F2B74825A00DCFCD5 /* Task.swift */; };
		125DCD322B7482DA00DCFCD5 /* TaskManager.swift in Sources */ = {isa = PBXBuildFile; fileRef = 125DCD312B7482DA00DCFCD5 /* TaskManager.swift */; };
		125DCD462B75C0A200DCFCD5 /* AddTaskViewModel.swift in Sources */ = {isa = PBXBuildFile; fileRef = 125DCD452B75C0A200DCFCD5 /* AddTaskViewModel.swift */; };
		125DCD4D2B79BF9700DCFCD5 /* AddTaskAlertView.swift in Sources */ = {isa = PBXBuildFile; fileRef = 125DCD4C2B79BF9700DCFCD5 /* AddTaskAlertView.swift */; };
		125DCD4F2B79BFA100DCFCD5 /* AddTaskAlertViewController.swift in Sources */ = {isa = PBXBuildFile; fileRef = 125DCD4E2B79BFA100DCFCD5 /* AddTaskAlertViewController.swift */; };
		125DCD852B7EFB3000DCFCD5 /* PaddingTextField.swift in Sources */ = {isa = PBXBuildFile; fileRef = 125DCD842B7EFB2F00DCFCD5 /* PaddingTextField.swift */; };
/* End PBXBuildFile section */

/* Begin PBXFileReference section */
		1201E60F2B5E113100682E71 /* AntiProcrastinator.app */ = {isa = PBXFileReference; explicitFileType = wrapper.application; includeInIndex = 0; path = AntiProcrastinator.app; sourceTree = BUILT_PRODUCTS_DIR; };
		1201E6122B5E113100682E71 /* AppDelegate.swift */ = {isa = PBXFileReference; lastKnownFileType = sourcecode.swift; path = AppDelegate.swift; sourceTree = "<group>"; };
		1201E6162B5E113100682E71 /* SplashViewController.swift */ = {isa = PBXFileReference; lastKnownFileType = sourcecode.swift; path = SplashViewController.swift; sourceTree = "<group>"; };
		1201E61B2B5E113200682E71 /* Assets.xcassets */ = {isa = PBXFileReference; lastKnownFileType = folder.assetcatalog; name = Assets.xcassets; path = Fonts/Assets.xcassets; sourceTree = "<group>"; };
		1201E61E2B5E113200682E71 /* Base */ = {isa = PBXFileReference; lastKnownFileType = file.storyboard; name = Base; path = Base.lproj/LaunchScreen.storyboard; sourceTree = "<group>"; };
		1201E6202B5E113200682E71 /* Info.plist */ = {isa = PBXFileReference; lastKnownFileType = text.plist.xml; path = Info.plist; sourceTree = "<group>"; };
		1201E6272B5E177100682E71 /* SplashView.swift */ = {isa = PBXFileReference; lastKnownFileType = sourcecode.swift; path = SplashView.swift; sourceTree = "<group>"; };
		1201E6292B5E177F00682E71 /* SplashViewModel.swift */ = {isa = PBXFileReference; lastKnownFileType = sourcecode.swift; path = SplashViewModel.swift; sourceTree = "<group>"; };
		1201E62D2B5E186200682E71 /* GradientView.swift */ = {isa = PBXFileReference; lastKnownFileType = sourcecode.swift; path = GradientView.swift; sourceTree = "<group>"; };
		1201E6302B5E18E100682E71 /* String+Extension.swift */ = {isa = PBXFileReference; lastKnownFileType = sourcecode.swift; path = "String+Extension.swift"; sourceTree = "<group>"; };
		1201E6332B5E194800682E71 /* UIColor+Extension.swift */ = {isa = PBXFileReference; lastKnownFileType = sourcecode.swift; path = "UIColor+Extension.swift"; sourceTree = "<group>"; };
		1201E63D2B5E202E00682E71 /* Localizable.strings */ = {isa = PBXFileReference; lastKnownFileType = text.plist.strings; path = Localizable.strings; sourceTree = "<group>"; };
		1201E6402B5E227E00682E71 /* TextAttributes.swift */ = {isa = PBXFileReference; lastKnownFileType = sourcecode.swift; path = TextAttributes.swift; sourceTree = "<group>"; };
		1201E6422B5E229A00682E71 /* ScreenSize.swift */ = {isa = PBXFileReference; lastKnownFileType = sourcecode.swift; path = ScreenSize.swift; sourceTree = "<group>"; };
		1201E6442B5E22C300682E71 /* Scalable.swift */ = {isa = PBXFileReference; lastKnownFileType = sourcecode.swift; path = Scalable.swift; sourceTree = "<group>"; };
		1201E6462B5E22E200682E71 /* Fonts.swift */ = {isa = PBXFileReference; lastKnownFileType = sourcecode.swift; path = Fonts.swift; sourceTree = "<group>"; };
		1201E64D2B5E423000682E71 /* User.swift */ = {isa = PBXFileReference; lastKnownFileType = sourcecode.swift; path = User.swift; sourceTree = "<group>"; };
		1201E64F2B5E427500682E71 /* UserManager.swift */ = {isa = PBXFileReference; lastKnownFileType = sourcecode.swift; path = UserManager.swift; sourceTree = "<group>"; };
		1201E6522B5E474400682E71 /* NameView.swift */ = {isa = PBXFileReference; lastKnownFileType = sourcecode.swift; path = NameView.swift; sourceTree = "<group>"; };
		1201E6542B5E475500682E71 /* NameRequestViewController.swift */ = {isa = PBXFileReference; lastKnownFileType = sourcecode.swift; path = NameRequestViewController.swift; sourceTree = "<group>"; };
		1201E6572B5E47B700682E71 /* MainView.swift */ = {isa = PBXFileReference; lastKnownFileType = sourcecode.swift; path = MainView.swift; sourceTree = "<group>"; };
		1201E6592B5E47C100682E71 /* MainViewController.swift */ = {isa = PBXFileReference; lastKnownFileType = sourcecode.swift; path = MainViewController.swift; sourceTree = "<group>"; };
		1201E6822B5FB44F00682E71 /* Ubuntu-Light.ttf */ = {isa = PBXFileReference; lastKnownFileType = file; path = "Ubuntu-Light.ttf"; sourceTree = "<group>"; };
		1201E6832B5FB44F00682E71 /* Ubuntu-Medium.ttf */ = {isa = PBXFileReference; lastKnownFileType = file; path = "Ubuntu-Medium.ttf"; sourceTree = "<group>"; };
		1201E6842B5FB44F00682E71 /* Ubuntu-Bold.ttf */ = {isa = PBXFileReference; lastKnownFileType = file; path = "Ubuntu-Bold.ttf"; sourceTree = "<group>"; };
		1201E6852B5FB44F00682E71 /* Ubuntu-Regular.ttf */ = {isa = PBXFileReference; lastKnownFileType = file; path = "Ubuntu-Regular.ttf"; sourceTree = "<group>"; };
		1201E68A2B60FA1400682E71 /* PaddingLabel.swift */ = {isa = PBXFileReference; lastKnownFileType = sourcecode.swift; path = PaddingLabel.swift; sourceTree = "<group>"; };
		1201E68E2B61FF0F00682E71 /* InfoView.swift */ = {isa = PBXFileReference; lastKnownFileType = sourcecode.swift; path = InfoView.swift; sourceTree = "<group>"; };
		1201E6902B61FF2D00682E71 /* InfoViewController.swift */ = {isa = PBXFileReference; lastKnownFileType = sourcecode.swift; path = InfoViewController.swift; sourceTree = "<group>"; };
		1201E6922B61FF3A00682E71 /* InfoViewModel.swift */ = {isa = PBXFileReference; lastKnownFileType = sourcecode.swift; path = InfoViewModel.swift; sourceTree = "<group>"; };
		1201E6952B61FF6B00682E71 /* InfoTableView.swift */ = {isa = PBXFileReference; lastKnownFileType = sourcecode.swift; path = InfoTableView.swift; sourceTree = "<group>"; };
		1201E6982B62000100682E71 /* InfoCell.swift */ = {isa = PBXFileReference; lastKnownFileType = sourcecode.swift; path = InfoCell.swift; sourceTree = "<group>"; };
		1201E69E2B6209E700682E71 /* InfoElements.swift */ = {isa = PBXFileReference; lastKnownFileType = sourcecode.swift; path = InfoElements.swift; sourceTree = "<group>"; };
		1201E6A12B69FF9900682E71 /* InfoTableHeaderView.swift */ = {isa = PBXFileReference; lastKnownFileType = sourcecode.swift; path = InfoTableHeaderView.swift; sourceTree = "<group>"; };
		1201E6A42B6A178900682E71 /* LaunchManager.swift */ = {isa = PBXFileReference; lastKnownFileType = sourcecode.swift; path = LaunchManager.swift; sourceTree = "<group>"; };
		1201E6AA2B6B8F9D00682E71 /* InfoImageCell.swift */ = {isa = PBXFileReference; lastKnownFileType = sourcecode.swift; path = InfoImageCell.swift; sourceTree = "<group>"; };
		1201E6AC2B6B8FB300682E71 /* InfoButtonCell.swift */ = {isa = PBXFileReference; lastKnownFileType = sourcecode.swift; path = InfoButtonCell.swift; sourceTree = "<group>"; };
		125DCD272B747A2300DCFCD5 /* AddTaskView.swift */ = {isa = PBXFileReference; lastKnownFileType = sourcecode.swift; path = AddTaskView.swift; sourceTree = "<group>"; };
		125DCD292B747A2E00DCFCD5 /* AddTaskViewController.swift */ = {isa = PBXFileReference; lastKnownFileType = sourcecode.swift; path = AddTaskViewController.swift; sourceTree = "<group>"; };
		125DCD2F2B74825A00DCFCD5 /* Task.swift */ = {isa = PBXFileReference; lastKnownFileType = sourcecode.swift; path = Task.swift; sourceTree = "<group>"; };
		125DCD312B7482DA00DCFCD5 /* TaskManager.swift */ = {isa = PBXFileReference; lastKnownFileType = sourcecode.swift; path = TaskManager.swift; sourceTree = "<group>"; };
		125DCD452B75C0A200DCFCD5 /* AddTaskViewModel.swift */ = {isa = PBXFileReference; fileEncoding = 4; lastKnownFileType = sourcecode.swift; path = AddTaskViewModel.swift; sourceTree = "<group>"; };
		125DCD4C2B79BF9700DCFCD5 /* AddTaskAlertView.swift */ = {isa = PBXFileReference; lastKnownFileType = sourcecode.swift; path = AddTaskAlertView.swift; sourceTree = "<group>"; };
		125DCD4E2B79BFA100DCFCD5 /* AddTaskAlertViewController.swift */ = {isa = PBXFileReference; lastKnownFileType = sourcecode.swift; path = AddTaskAlertViewController.swift; sourceTree = "<group>"; };
		125DCD842B7EFB2F00DCFCD5 /* PaddingTextField.swift */ = {isa = PBXFileReference; lastKnownFileType = sourcecode.swift; path = PaddingTextField.swift; sourceTree = "<group>"; };
/* End PBXFileReference section */

/* Begin PBXFrameworksBuildPhase section */
		1201E60C2B5E113100682E71 /* Frameworks */ = {
			isa = PBXFrameworksBuildPhase;
			buildActionMask = 2147483647;
			files = (
			);
			runOnlyForDeploymentPostprocessing = 0;
		};
/* End PBXFrameworksBuildPhase section */

/* Begin PBXGroup section */
		1201E6062B5E113100682E71 = {
			isa = PBXGroup;
			children = (
				1201E6112B5E113100682E71 /* AntiProcrastinator */,
				1201E6102B5E113100682E71 /* Products */,
			);
			sourceTree = "<group>";
		};
		1201E6102B5E113100682E71 /* Products */ = {
			isa = PBXGroup;
			children = (
				1201E60F2B5E113100682E71 /* AntiProcrastinator.app */,
			);
			name = Products;
			sourceTree = "<group>";
		};
		1201E6112B5E113100682E71 /* AntiProcrastinator */ = {
			isa = PBXGroup;
			children = (
				1201E6482B5E231600682E71 /* Classes */,
				1201E6362B5E1C2500682E71 /* Resource */,
				1201E6202B5E113200682E71 /* Info.plist */,
			);
			path = AntiProcrastinator;
			sourceTree = "<group>";
		};
		1201E6262B5E174C00682E71 /* Splash */ = {
			isa = PBXGroup;
			children = (
				1201E6162B5E113100682E71 /* SplashViewController.swift */,
				1201E6272B5E177100682E71 /* SplashView.swift */,
				1201E6292B5E177F00682E71 /* SplashViewModel.swift */,
				1201E6512B5E472900682E71 /* NameRequest */,
			);
			path = Splash;
			sourceTree = "<group>";
		};
		1201E62B2B5E183A00682E71 /* Misc */ = {
			isa = PBXGroup;
			children = (
				1201E6122B5E113100682E71 /* AppDelegate.swift */,
				1201E6322B5E192B00682E71 /* Utils */,
				1201E62F2B5E18CB00682E71 /* Extension */,
				1201E62C2B5E184700682E71 /* CustomView */,
			);
			path = Misc;
			sourceTree = "<group>";
		};
		1201E62C2B5E184700682E71 /* CustomView */ = {
			isa = PBXGroup;
			children = (
				1201E62D2B5E186200682E71 /* GradientView.swift */,
			);
			path = CustomView;
			sourceTree = "<group>";
		};
		1201E62F2B5E18CB00682E71 /* Extension */ = {
			isa = PBXGroup;
			children = (
				1201E6332B5E194800682E71 /* UIColor+Extension.swift */,
				1201E6302B5E18E100682E71 /* String+Extension.swift */,
			);
			path = Extension;
			sourceTree = "<group>";
		};
		1201E6322B5E192B00682E71 /* Utils */ = {
			isa = PBXGroup;
			children = (
				1201E6462B5E22E200682E71 /* Fonts.swift */,
				1201E6442B5E22C300682E71 /* Scalable.swift */,
				1201E6422B5E229A00682E71 /* ScreenSize.swift */,
				1201E6402B5E227E00682E71 /* TextAttributes.swift */,
				1201E68A2B60FA1400682E71 /* PaddingLabel.swift */,
				1201E6A42B6A178900682E71 /* LaunchManager.swift */,
				125DCD842B7EFB2F00DCFCD5 /* PaddingTextField.swift */,
			);
			path = Utils;
			sourceTree = "<group>";
		};
		1201E6352B5E19C600682E71 /* Presentation */ = {
			isa = PBXGroup;
			children = (
				1201E6562B5E479C00682E71 /* Main */,
				1201E6262B5E174C00682E71 /* Splash */,
				1201E68D2B61FEE600682E71 /* Info */,
				125DCD262B747A0C00DCFCD5 /* AddTask */,
			);
			path = Presentation;
			sourceTree = "<group>";
		};
		1201E6362B5E1C2500682E71 /* Resource */ = {
			isa = PBXGroup;
			children = (
				1201E6372B5E1E0100682E71 /* Fonts */,
				1201E61B2B5E113200682E71 /* Assets.xcassets */,
				1201E61D2B5E113200682E71 /* LaunchScreen.storyboard */,
				1201E63D2B5E202E00682E71 /* Localizable.strings */,
			);
			path = Resource;
			sourceTree = "<group>";
		};
		1201E6372B5E1E0100682E71 /* Fonts */ = {
			isa = PBXGroup;
			children = (
				1201E6382B5E1E0D00682E71 /* Ubuntu */,
			);
			path = Fonts;
			sourceTree = "<group>";
		};
		1201E6382B5E1E0D00682E71 /* Ubuntu */ = {
			isa = PBXGroup;
			children = (
				1201E6842B5FB44F00682E71 /* Ubuntu-Bold.ttf */,
				1201E6822B5FB44F00682E71 /* Ubuntu-Light.ttf */,
				1201E6832B5FB44F00682E71 /* Ubuntu-Medium.ttf */,
				1201E6852B5FB44F00682E71 /* Ubuntu-Regular.ttf */,
			);
			path = Ubuntu;
			sourceTree = "<group>";
		};
		1201E6482B5E231600682E71 /* Classes */ = {
			isa = PBXGroup;
			children = (
				1201E62B2B5E183A00682E71 /* Misc */,
				1201E64A2B5E41BE00682E71 /* Service */,
				1201E6352B5E19C600682E71 /* Presentation */,
			);
			path = Classes;
			sourceTree = "<group>";
		};
		1201E64A2B5E41BE00682E71 /* Service */ = {
			isa = PBXGroup;
			children = (
				125DCD2D2B74823F00DCFCD5 /* Task */,
				1201E64B2B5E420C00682E71 /* User */,
			);
			path = Service;
			sourceTree = "<group>";
		};
		1201E64B2B5E420C00682E71 /* User */ = {
			isa = PBXGroup;
			children = (
				1201E64C2B5E422500682E71 /* Model */,
				1201E64F2B5E427500682E71 /* UserManager.swift */,
			);
			path = User;
			sourceTree = "<group>";
		};
		1201E64C2B5E422500682E71 /* Model */ = {
			isa = PBXGroup;
			children = (
				1201E64D2B5E423000682E71 /* User.swift */,
			);
			path = Model;
			sourceTree = "<group>";
		};
		1201E6512B5E472900682E71 /* NameRequest */ = {
			isa = PBXGroup;
			children = (
				1201E6522B5E474400682E71 /* NameView.swift */,
				1201E6542B5E475500682E71 /* NameRequestViewController.swift */,
			);
			path = NameRequest;
			sourceTree = "<group>";
		};
		1201E6562B5E479C00682E71 /* Main */ = {
			isa = PBXGroup;
			children = (
				1201E6572B5E47B700682E71 /* MainView.swift */,
				1201E6592B5E47C100682E71 /* MainViewController.swift */,
			);
			path = Main;
			sourceTree = "<group>";
		};
		1201E68D2B61FEE600682E71 /* Info */ = {
			isa = PBXGroup;
			children = (
				1201E68E2B61FF0F00682E71 /* InfoView.swift */,
				1201E6902B61FF2D00682E71 /* InfoViewController.swift */,
				1201E6922B61FF3A00682E71 /* InfoViewModel.swift */,
				1201E6942B61FF4600682E71 /* TableView */,
			);
			path = Info;
			sourceTree = "<group>";
		};
		1201E6942B61FF4600682E71 /* TableView */ = {
			isa = PBXGroup;
			children = (
				1201E6952B61FF6B00682E71 /* InfoTableView.swift */,
				1201E69E2B6209E700682E71 /* InfoElements.swift */,
				1201E6A12B69FF9900682E71 /* InfoTableHeaderView.swift */,
				1201E6972B61FF7500682E71 /* Cells */,
			);
			path = TableView;
			sourceTree = "<group>";
		};
		1201E6972B61FF7500682E71 /* Cells */ = {
			isa = PBXGroup;
			children = (
				1201E6982B62000100682E71 /* InfoCell.swift */,
				1201E6AA2B6B8F9D00682E71 /* InfoImageCell.swift */,
				1201E6AC2B6B8FB300682E71 /* InfoButtonCell.swift */,
			);
			path = Cells;
			sourceTree = "<group>";
		};
		125DCD262B747A0C00DCFCD5 /* AddTask */ = {
			isa = PBXGroup;
			children = (
				125DCD272B747A2300DCFCD5 /* AddTaskView.swift */,
				125DCD292B747A2E00DCFCD5 /* AddTaskViewController.swift */,
				125DCD452B75C0A200DCFCD5 /* AddTaskViewModel.swift */,
				125DCD4B2B79BF6C00DCFCD5 /* Alert */,
			);
			path = AddTask;
			sourceTree = "<group>";
		};
		125DCD2D2B74823F00DCFCD5 /* Task */ = {
			isa = PBXGroup;
			children = (
				125DCD2E2B74824C00DCFCD5 /* Model */,
				125DCD312B7482DA00DCFCD5 /* TaskManager.swift */,
			);
			path = Task;
			sourceTree = "<group>";
		};
		125DCD2E2B74824C00DCFCD5 /* Model */ = {
			isa = PBXGroup;
			children = (
				125DCD2F2B74825A00DCFCD5 /* Task.swift */,
			);
			path = Model;
			sourceTree = "<group>";
		};
		125DCD4B2B79BF6C00DCFCD5 /* Alert */ = {
			isa = PBXGroup;
			children = (
				125DCD4C2B79BF9700DCFCD5 /* AddTaskAlertView.swift */,
				125DCD4E2B79BFA100DCFCD5 /* AddTaskAlertViewController.swift */,
			);
			path = Alert;
			sourceTree = "<group>";
		};
/* End PBXGroup section */

/* Begin PBXNativeTarget section */
		1201E60E2B5E113100682E71 /* AntiProcrastinator */ = {
			isa = PBXNativeTarget;
			buildConfigurationList = 1201E6232B5E113200682E71 /* Build configuration list for PBXNativeTarget "AntiProcrastinator" */;
			buildPhases = (
				1201E60B2B5E113100682E71 /* Sources */,
				1201E60C2B5E113100682E71 /* Frameworks */,
				1201E60D2B5E113100682E71 /* Resources */,
			);
			buildRules = (
			);
			dependencies = (
			);
			name = AntiProcrastinator;
			productName = AntiProcrastinator;
			productReference = 1201E60F2B5E113100682E71 /* AntiProcrastinator.app */;
			productType = "com.apple.product-type.application";
		};
/* End PBXNativeTarget section */

/* Begin PBXProject section */
		1201E6072B5E113100682E71 /* Project object */ = {
			isa = PBXProject;
			attributes = {
				BuildIndependentTargetsInParallel = 1;
				LastSwiftUpdateCheck = 1500;
				LastUpgradeCheck = 1500;
				TargetAttributes = {
					1201E60E2B5E113100682E71 = {
						CreatedOnToolsVersion = 15.0.1;
					};
				};
			};
			buildConfigurationList = 1201E60A2B5E113100682E71 /* Build configuration list for PBXProject "AntiProcrastinator" */;
			compatibilityVersion = "Xcode 14.0";
			developmentRegion = en;
			hasScannedForEncodings = 0;
			knownRegions = (
				en,
				Base,
			);
			mainGroup = 1201E6062B5E113100682E71;
			productRefGroup = 1201E6102B5E113100682E71 /* Products */;
			projectDirPath = "";
			projectRoot = "";
			targets = (
				1201E60E2B5E113100682E71 /* AntiProcrastinator */,
			);
		};
/* End PBXProject section */

/* Begin PBXResourcesBuildPhase section */
		1201E60D2B5E113100682E71 /* Resources */ = {
			isa = PBXResourcesBuildPhase;
			buildActionMask = 2147483647;
			files = (
				1201E6862B5FB45B00682E71 /* Ubuntu-Bold.ttf in Resources */,
				1201E6872B5FB45B00682E71 /* Ubuntu-Light.ttf in Resources */,
				1201E6882B5FB45B00682E71 /* Ubuntu-Medium.ttf in Resources */,
				1201E6892B5FB45B00682E71 /* Ubuntu-Regular.ttf in Resources */,
				1201E61F2B5E113200682E71 /* LaunchScreen.storyboard in Resources */,
				1201E63E2B5E202E00682E71 /* Localizable.strings in Resources */,
				1201E61C2B5E113200682E71 /* Assets.xcassets in Resources */,
			);
			runOnlyForDeploymentPostprocessing = 0;
		};
/* End PBXResourcesBuildPhase section */

/* Begin PBXSourcesBuildPhase section */
		1201E60B2B5E113100682E71 /* Sources */ = {
			isa = PBXSourcesBuildPhase;
			buildActionMask = 2147483647;
			files = (
				125DCD282B747A2300DCFCD5 /* AddTaskView.swift in Sources */,
				1201E6342B5E194800682E71 /* UIColor+Extension.swift in Sources */,
				1201E68B2B60FA1400682E71 /* PaddingLabel.swift in Sources */,
				125DCD4F2B79BFA100DCFCD5 /* AddTaskAlertViewController.swift in Sources */,
				125DCD322B7482DA00DCFCD5 /* TaskManager.swift in Sources */,
				1201E6992B62000100682E71 /* InfoCell.swift in Sources */,
				1201E6172B5E113100682E71 /* SplashViewController.swift in Sources */,
				1201E6452B5E22C300682E71 /* Scalable.swift in Sources */,
				125DCD4D2B79BF9700DCFCD5 /* AddTaskAlertView.swift in Sources */,
				125DCD462B75C0A200DCFCD5 /* AddTaskViewModel.swift in Sources */,
				1201E6AB2B6B8F9D00682E71 /* InfoImageCell.swift in Sources */,
				1201E6502B5E427500682E71 /* UserManager.swift in Sources */,
				1201E6132B5E113100682E71 /* AppDelegate.swift in Sources */,
				125DCD852B7EFB3000DCFCD5 /* PaddingTextField.swift in Sources */,
				1201E68F2B61FF0F00682E71 /* InfoView.swift in Sources */,
				1201E6A52B6A178900682E71 /* LaunchManager.swift in Sources */,
				1201E6412B5E227E00682E71 /* TextAttributes.swift in Sources */,
				1201E62E2B5E186200682E71 /* GradientView.swift in Sources */,
				1201E65A2B5E47C100682E71 /* MainViewController.swift in Sources */,
				1201E6282B5E177100682E71 /* SplashView.swift in Sources */,
				1201E6932B61FF3A00682E71 /* InfoViewModel.swift in Sources */,
				1201E6A22B69FF9900682E71 /* InfoTableHeaderView.swift in Sources */,
				1201E6432B5E229A00682E71 /* ScreenSize.swift in Sources */,
				1201E6582B5E47B700682E71 /* MainView.swift in Sources */,
				125DCD2A2B747A2E00DCFCD5 /* AddTaskViewController.swift in Sources */,
				1201E6532B5E474400682E71 /* NameView.swift in Sources */,
				1201E6962B61FF6B00682E71 /* InfoTableView.swift in Sources */,
				1201E6912B61FF2D00682E71 /* InfoViewController.swift in Sources */,
				125DCD302B74825A00DCFCD5 /* Task.swift in Sources */,
				1201E64E2B5E423000682E71 /* User.swift in Sources */,
				1201E69F2B6209E700682E71 /* InfoElements.swift in Sources */,
				1201E6552B5E475500682E71 /* NameRequestViewController.swift in Sources */,
				1201E6472B5E22E200682E71 /* Fonts.swift in Sources */,
				1201E6312B5E18E100682E71 /* String+Extension.swift in Sources */,
				1201E6AD2B6B8FB300682E71 /* InfoButtonCell.swift in Sources */,
				1201E62A2B5E177F00682E71 /* SplashViewModel.swift in Sources */,
			);
			runOnlyForDeploymentPostprocessing = 0;
		};
/* End PBXSourcesBuildPhase section */

/* Begin PBXVariantGroup section */
		1201E61D2B5E113200682E71 /* LaunchScreen.storyboard */ = {
			isa = PBXVariantGroup;
			children = (
				1201E61E2B5E113200682E71 /* Base */,
			);
			name = LaunchScreen.storyboard;
			sourceTree = "<group>";
		};
/* End PBXVariantGroup section */

/* Begin XCBuildConfiguration section */
		1201E6212B5E113200682E71 /* Debug */ = {
			isa = XCBuildConfiguration;
			buildSettings = {
				ALWAYS_SEARCH_USER_PATHS = NO;
				ASSETCATALOG_COMPILER_GENERATE_SWIFT_ASSET_SYMBOL_EXTENSIONS = YES;
				CLANG_ANALYZER_NONNULL = YES;
				CLANG_ANALYZER_NUMBER_OBJECT_CONVERSION = YES_AGGRESSIVE;
				CLANG_CXX_LANGUAGE_STANDARD = "gnu++20";
				CLANG_ENABLE_MODULES = YES;
				CLANG_ENABLE_OBJC_ARC = YES;
				CLANG_ENABLE_OBJC_WEAK = YES;
				CLANG_WARN_BLOCK_CAPTURE_AUTORELEASING = YES;
				CLANG_WARN_BOOL_CONVERSION = YES;
				CLANG_WARN_COMMA = YES;
				CLANG_WARN_CONSTANT_CONVERSION = YES;
				CLANG_WARN_DEPRECATED_OBJC_IMPLEMENTATIONS = YES;
				CLANG_WARN_DIRECT_OBJC_ISA_USAGE = YES_ERROR;
				CLANG_WARN_DOCUMENTATION_COMMENTS = YES;
				CLANG_WARN_EMPTY_BODY = YES;
				CLANG_WARN_ENUM_CONVERSION = YES;
				CLANG_WARN_INFINITE_RECURSION = YES;
				CLANG_WARN_INT_CONVERSION = YES;
				CLANG_WARN_NON_LITERAL_NULL_CONVERSION = YES;
				CLANG_WARN_OBJC_IMPLICIT_RETAIN_SELF = YES;
				CLANG_WARN_OBJC_LITERAL_CONVERSION = YES;
				CLANG_WARN_OBJC_ROOT_CLASS = YES_ERROR;
				CLANG_WARN_QUOTED_INCLUDE_IN_FRAMEWORK_HEADER = YES;
				CLANG_WARN_RANGE_LOOP_ANALYSIS = YES;
				CLANG_WARN_STRICT_PROTOTYPES = YES;
				CLANG_WARN_SUSPICIOUS_MOVE = YES;
				CLANG_WARN_UNGUARDED_AVAILABILITY = YES_AGGRESSIVE;
				CLANG_WARN_UNREACHABLE_CODE = YES;
				CLANG_WARN__DUPLICATE_METHOD_MATCH = YES;
				COPY_PHASE_STRIP = NO;
				DEBUG_INFORMATION_FORMAT = dwarf;
				ENABLE_STRICT_OBJC_MSGSEND = YES;
				ENABLE_TESTABILITY = YES;
				ENABLE_USER_SCRIPT_SANDBOXING = YES;
				GCC_C_LANGUAGE_STANDARD = gnu17;
				GCC_DYNAMIC_NO_PIC = NO;
				GCC_NO_COMMON_BLOCKS = YES;
				GCC_OPTIMIZATION_LEVEL = 0;
				GCC_PREPROCESSOR_DEFINITIONS = (
					"DEBUG=1",
					"$(inherited)",
				);
				GCC_WARN_64_TO_32_BIT_CONVERSION = YES;
				GCC_WARN_ABOUT_RETURN_TYPE = YES_ERROR;
				GCC_WARN_UNDECLARED_SELECTOR = YES;
				GCC_WARN_UNINITIALIZED_AUTOS = YES_AGGRESSIVE;
				GCC_WARN_UNUSED_FUNCTION = YES;
				GCC_WARN_UNUSED_VARIABLE = YES;
				IPHONEOS_DEPLOYMENT_TARGET = 17.0;
				LOCALIZATION_PREFERS_STRING_CATALOGS = YES;
				MTL_ENABLE_DEBUG_INFO = INCLUDE_SOURCE;
				MTL_FAST_MATH = YES;
				ONLY_ACTIVE_ARCH = YES;
				SDKROOT = iphoneos;
				SWIFT_ACTIVE_COMPILATION_CONDITIONS = "DEBUG $(inherited)";
				SWIFT_OPTIMIZATION_LEVEL = "-Onone";
			};
			name = Debug;
		};
		1201E6222B5E113200682E71 /* Release */ = {
			isa = XCBuildConfiguration;
			buildSettings = {
				ALWAYS_SEARCH_USER_PATHS = NO;
				ASSETCATALOG_COMPILER_GENERATE_SWIFT_ASSET_SYMBOL_EXTENSIONS = YES;
				CLANG_ANALYZER_NONNULL = YES;
				CLANG_ANALYZER_NUMBER_OBJECT_CONVERSION = YES_AGGRESSIVE;
				CLANG_CXX_LANGUAGE_STANDARD = "gnu++20";
				CLANG_ENABLE_MODULES = YES;
				CLANG_ENABLE_OBJC_ARC = YES;
				CLANG_ENABLE_OBJC_WEAK = YES;
				CLANG_WARN_BLOCK_CAPTURE_AUTORELEASING = YES;
				CLANG_WARN_BOOL_CONVERSION = YES;
				CLANG_WARN_COMMA = YES;
				CLANG_WARN_CONSTANT_CONVERSION = YES;
				CLANG_WARN_DEPRECATED_OBJC_IMPLEMENTATIONS = YES;
				CLANG_WARN_DIRECT_OBJC_ISA_USAGE = YES_ERROR;
				CLANG_WARN_DOCUMENTATION_COMMENTS = YES;
				CLANG_WARN_EMPTY_BODY = YES;
				CLANG_WARN_ENUM_CONVERSION = YES;
				CLANG_WARN_INFINITE_RECURSION = YES;
				CLANG_WARN_INT_CONVERSION = YES;
				CLANG_WARN_NON_LITERAL_NULL_CONVERSION = YES;
				CLANG_WARN_OBJC_IMPLICIT_RETAIN_SELF = YES;
				CLANG_WARN_OBJC_LITERAL_CONVERSION = YES;
				CLANG_WARN_OBJC_ROOT_CLASS = YES_ERROR;
				CLANG_WARN_QUOTED_INCLUDE_IN_FRAMEWORK_HEADER = YES;
				CLANG_WARN_RANGE_LOOP_ANALYSIS = YES;
				CLANG_WARN_STRICT_PROTOTYPES = YES;
				CLANG_WARN_SUSPICIOUS_MOVE = YES;
				CLANG_WARN_UNGUARDED_AVAILABILITY = YES_AGGRESSIVE;
				CLANG_WARN_UNREACHABLE_CODE = YES;
				CLANG_WARN__DUPLICATE_METHOD_MATCH = YES;
				COPY_PHASE_STRIP = NO;
				DEBUG_INFORMATION_FORMAT = "dwarf-with-dsym";
				ENABLE_NS_ASSERTIONS = NO;
				ENABLE_STRICT_OBJC_MSGSEND = YES;
				ENABLE_USER_SCRIPT_SANDBOXING = YES;
				GCC_C_LANGUAGE_STANDARD = gnu17;
				GCC_NO_COMMON_BLOCKS = YES;
				GCC_WARN_64_TO_32_BIT_CONVERSION = YES;
				GCC_WARN_ABOUT_RETURN_TYPE = YES_ERROR;
				GCC_WARN_UNDECLARED_SELECTOR = YES;
				GCC_WARN_UNINITIALIZED_AUTOS = YES_AGGRESSIVE;
				GCC_WARN_UNUSED_FUNCTION = YES;
				GCC_WARN_UNUSED_VARIABLE = YES;
				IPHONEOS_DEPLOYMENT_TARGET = 17.0;
				LOCALIZATION_PREFERS_STRING_CATALOGS = YES;
				MTL_ENABLE_DEBUG_INFO = NO;
				MTL_FAST_MATH = YES;
				SDKROOT = iphoneos;
				SWIFT_COMPILATION_MODE = wholemodule;
				VALIDATE_PRODUCT = YES;
			};
			name = Release;
		};
		1201E6242B5E113200682E71 /* Debug */ = {
			isa = XCBuildConfiguration;
			buildSettings = {
				ASSETCATALOG_COMPILER_APPICON_NAME = AppIcon;
				ASSETCATALOG_COMPILER_GLOBAL_ACCENT_COLOR_NAME = AccentColor;
				CODE_SIGN_STYLE = Automatic;
				CURRENT_PROJECT_VERSION = 1;
				DEVELOPMENT_TEAM = D23Z5VP235;
				GENERATE_INFOPLIST_FILE = YES;
				INFOPLIST_FILE = AntiProcrastinator/Info.plist;
				INFOPLIST_KEY_UIApplicationSupportsIndirectInputEvents = YES;
				INFOPLIST_KEY_UILaunchStoryboardName = LaunchScreen;
				INFOPLIST_KEY_UISupportedInterfaceOrientations_iPad = "UIInterfaceOrientationPortrait UIInterfaceOrientationPortraitUpsideDown UIInterfaceOrientationLandscapeLeft UIInterfaceOrientationLandscapeRight";
				INFOPLIST_KEY_UISupportedInterfaceOrientations_iPhone = "UIInterfaceOrientationPortrait UIInterfaceOrientationLandscapeLeft UIInterfaceOrientationLandscapeRight";
				LD_RUNPATH_SEARCH_PATHS = (
					"$(inherited)",
					"@executable_path/Frameworks",
				);
				MARKETING_VERSION = 1.0;
				PRODUCT_BUNDLE_IDENTIFIER = Artem.AntiProcrastinator;
				PRODUCT_NAME = "$(TARGET_NAME)";
				SWIFT_EMIT_LOC_STRINGS = YES;
				SWIFT_VERSION = 5.0;
				TARGETED_DEVICE_FAMILY = "1,2";
			};
			name = Debug;
		};
		1201E6252B5E113200682E71 /* Release */ = {
			isa = XCBuildConfiguration;
			buildSettings = {
				ASSETCATALOG_COMPILER_APPICON_NAME = AppIcon;
				ASSETCATALOG_COMPILER_GLOBAL_ACCENT_COLOR_NAME = AccentColor;
				CODE_SIGN_STYLE = Automatic;
				CURRENT_PROJECT_VERSION = 1;
				DEVELOPMENT_TEAM = D23Z5VP235;
				GENERATE_INFOPLIST_FILE = YES;
				INFOPLIST_FILE = AntiProcrastinator/Info.plist;
				INFOPLIST_KEY_UIApplicationSupportsIndirectInputEvents = YES;
				INFOPLIST_KEY_UILaunchStoryboardName = LaunchScreen;
				INFOPLIST_KEY_UISupportedInterfaceOrientations_iPad = "UIInterfaceOrientationPortrait UIInterfaceOrientationPortraitUpsideDown UIInterfaceOrientationLandscapeLeft UIInterfaceOrientationLandscapeRight";
				INFOPLIST_KEY_UISupportedInterfaceOrientations_iPhone = "UIInterfaceOrientationPortrait UIInterfaceOrientationLandscapeLeft UIInterfaceOrientationLandscapeRight";
				LD_RUNPATH_SEARCH_PATHS = (
					"$(inherited)",
					"@executable_path/Frameworks",
				);
				MARKETING_VERSION = 1.0;
				PRODUCT_BUNDLE_IDENTIFIER = Artem.AntiProcrastinator;
				PRODUCT_NAME = "$(TARGET_NAME)";
				SWIFT_EMIT_LOC_STRINGS = YES;
				SWIFT_VERSION = 5.0;
				TARGETED_DEVICE_FAMILY = "1,2";
			};
			name = Release;
		};
/* End XCBuildConfiguration section */

/* Begin XCConfigurationList section */
		1201E60A2B5E113100682E71 /* Build configuration list for PBXProject "AntiProcrastinator" */ = {
			isa = XCConfigurationList;
			buildConfigurations = (
				1201E6212B5E113200682E71 /* Debug */,
				1201E6222B5E113200682E71 /* Release */,
			);
			defaultConfigurationIsVisible = 0;
			defaultConfigurationName = Release;
		};
		1201E6232B5E113200682E71 /* Build configuration list for PBXNativeTarget "AntiProcrastinator" */ = {
			isa = XCConfigurationList;
			buildConfigurations = (
				1201E6242B5E113200682E71 /* Debug */,
				1201E6252B5E113200682E71 /* Release */,
			);
			defaultConfigurationIsVisible = 0;
			defaultConfigurationName = Release;
		};
/* End XCConfigurationList section */
	};
	rootObject = 1201E6072B5E113100682E71 /* Project object */;
}
