// !$*UTF8*$!
{
	archiveVersion = 1;
	classes = {
	};
	objectVersion = 56;
	objects = {

/* Begin PBXBuildFile section */
		1201E6132B5E113100682E71 /* AppDelegate.swift in Sources */ = {isa = PBXBuildFile; fileRef = 1201E6122B5E113100682E71 /* AppDelegate.swift */; };
		1201E6172B5E113100682E71 /* SplashViewController.swift in Sources */ = {isa = PBXBuildFile; fileRef = 1201E6162B5E113100682E71 /* SplashViewController.swift */; };
		1201E61C2B5E113200682E71 /* Assets.xcassets in Resources */ = {isa = PBXBuildFile; fileRef = 1201E61B2B5E113200682E71 /* Assets.xcassets */; };
		1201E61F2B5E113200682E71 /* LaunchScreen.storyboard in Resources */ = {isa = PBXBuildFile; fileRef = 1201E61D2B5E113200682E71 /* LaunchScreen.storyboard */; };
		1201E6282B5E177100682E71 /* SplashView.swift in Sources */ = {isa = PBXBuildFile; fileRef = 1201E6272B5E177100682E71 /* SplashView.swift */; };
		1201E62A2B5E177F00682E71 /* SplashViewModel.swift in Sources */ = {isa = PBXBuildFile; fileRef = 1201E6292B5E177F00682E71 /* SplashViewModel.swift */; };
		1201E62E2B5E186200682E71 /* GradientView.swift in Sources */ = {isa = PBXBuildFile; fileRef = 1201E62D2B5E186200682E71 /* GradientView.swift */; };
		1201E6312B5E18E100682E71 /* String+Extension.swift in Sources */ = {isa = PBXBuildFile; fileRef = 1201E6302B5E18E100682E71 /* String+Extension.swift */; };
		1201E6342B5E194800682E71 /* UIColor+Extension.swift in Sources */ = {isa = PBXBuildFile; fileRef = 1201E6332B5E194800682E71 /* UIColor+Extension.swift */; };
/* End PBXBuildFile section */

/* Begin PBXFileReference section */
		1201E60F2B5E113100682E71 /* AntiProcrastinator.app */ = {isa = PBXFileReference; explicitFileType = wrapper.application; includeInIndex = 0; path = AntiProcrastinator.app; sourceTree = BUILT_PRODUCTS_DIR; };
		1201E6122B5E113100682E71 /* AppDelegate.swift */ = {isa = PBXFileReference; lastKnownFileType = sourcecode.swift; path = AppDelegate.swift; sourceTree = "<group>"; };
		1201E6162B5E113100682E71 /* SplashViewController.swift */ = {isa = PBXFileReference; lastKnownFileType = sourcecode.swift; path = SplashViewController.swift; sourceTree = "<group>"; };
		1201E61B2B5E113200682E71 /* Assets.xcassets */ = {isa = PBXFileReference; lastKnownFileType = folder.assetcatalog; path = Assets.xcassets; sourceTree = "<group>"; };
		1201E61E2B5E113200682E71 /* Base */ = {isa = PBXFileReference; lastKnownFileType = file.storyboard; name = Base; path = Base.lproj/LaunchScreen.storyboard; sourceTree = "<group>"; };
		1201E6202B5E113200682E71 /* Info.plist */ = {isa = PBXFileReference; lastKnownFileType = text.plist.xml; path = Info.plist; sourceTree = "<group>"; };
		1201E6272B5E177100682E71 /* SplashView.swift */ = {isa = PBXFileReference; lastKnownFileType = sourcecode.swift; path = SplashView.swift; sourceTree = "<group>"; };
		1201E6292B5E177F00682E71 /* SplashViewModel.swift */ = {isa = PBXFileReference; lastKnownFileType = sourcecode.swift; path = SplashViewModel.swift; sourceTree = "<group>"; };
		1201E62D2B5E186200682E71 /* GradientView.swift */ = {isa = PBXFileReference; lastKnownFileType = sourcecode.swift; path = GradientView.swift; sourceTree = "<group>"; };
		1201E6302B5E18E100682E71 /* String+Extension.swift */ = {isa = PBXFileReference; lastKnownFileType = sourcecode.swift; path = "String+Extension.swift"; sourceTree = "<group>"; };
		1201E6332B5E194800682E71 /* UIColor+Extension.swift */ = {isa = PBXFileReference; lastKnownFileType = sourcecode.swift; path = "UIColor+Extension.swift"; sourceTree = "<group>"; };
/* End PBXFileReference section */

/* Begin PBXFrameworksBuildPhase section */
		1201E60C2B5E113100682E71 /* Frameworks */ = {
			isa = PBXFrameworksBuildPhase;
			buildActionMask = 2147483647;
			files = (
			);
			runOnlyForDeploymentPostprocessing = 0;
		};
/* End PBXFrameworksBuildPhase section */

/* Begin PBXGroup section */
		1201E6062B5E113100682E71 = {
			isa = PBXGroup;
			children = (
				1201E6112B5E113100682E71 /* AntiProcrastinator */,
				1201E6102B5E113100682E71 /* Products */,
			);
			sourceTree = "<group>";
		};
		1201E6102B5E113100682E71 /* Products */ = {
			isa = PBXGroup;
			children = (
				1201E60F2B5E113100682E71 /* AntiProcrastinator.app */,
			);
			name = Products;
			sourceTree = "<group>";
		};
		1201E6112B5E113100682E71 /* AntiProcrastinator */ = {
			isa = PBXGroup;
			children = (
				1201E62B2B5E183A00682E71 /* Misc */,
				1201E6352B5E19C600682E71 /* Presentation */,
				1201E61B2B5E113200682E71 /* Assets.xcassets */,
				1201E61D2B5E113200682E71 /* LaunchScreen.storyboard */,
				1201E6202B5E113200682E71 /* Info.plist */,
			);
			path = AntiProcrastinator;
			sourceTree = "<group>";
		};
		1201E6262B5E174C00682E71 /* Splash */ = {
			isa = PBXGroup;
			children = (
				1201E6162B5E113100682E71 /* SplashViewController.swift */,
				1201E6272B5E177100682E71 /* SplashView.swift */,
				1201E6292B5E177F00682E71 /* SplashViewModel.swift */,
			);
			path = Splash;
			sourceTree = "<group>";
		};
		1201E62B2B5E183A00682E71 /* Misc */ = {
			isa = PBXGroup;
			children = (
				1201E6122B5E113100682E71 /* AppDelegate.swift */,
				1201E6322B5E192B00682E71 /* UIColor+Extension */,
				1201E62F2B5E18CB00682E71 /* Extension */,
				1201E62C2B5E184700682E71 /* CustomView */,
			);
			path = Misc;
			sourceTree = "<group>";
		};
		1201E62C2B5E184700682E71 /* CustomView */ = {
			isa = PBXGroup;
			children = (
				1201E62D2B5E186200682E71 /* GradientView.swift */,
			);
			path = CustomView;
			sourceTree = "<group>";
		};
		1201E62F2B5E18CB00682E71 /* Extension */ = {
			isa = PBXGroup;
			children = (
				1201E6302B5E18E100682E71 /* String+Extension.swift */,
			);
			path = Extension;
			sourceTree = "<group>";
		};
		1201E6322B5E192B00682E71 /* UIColor+Extension */ = {
			isa = PBXGroup;
			children = (
				1201E6332B5E194800682E71 /* UIColor+Extension.swift */,
			);
			path = "UIColor+Extension";
			sourceTree = "<group>";
		};
		1201E6352B5E19C600682E71 /* Presentation */ = {
			isa = PBXGroup;
			children = (
				1201E6262B5E174C00682E71 /* Splash */,
			);
			path = Presentation;
			sourceTree = "<group>";
		};
/* End PBXGroup section */

/* Begin PBXNativeTarget section */
		1201E60E2B5E113100682E71 /* AntiProcrastinator */ = {
			isa = PBXNativeTarget;
			buildConfigurationList = 1201E6232B5E113200682E71 /* Build configuration list for PBXNativeTarget "AntiProcrastinator" */;
			buildPhases = (
				1201E60B2B5E113100682E71 /* Sources */,
				1201E60C2B5E113100682E71 /* Frameworks */,
				1201E60D2B5E113100682E71 /* Resources */,
			);
			buildRules = (
			);
			dependencies = (
			);
			name = AntiProcrastinator;
			productName = AntiProcrastinator;
			productReference = 1201E60F2B5E113100682E71 /* AntiProcrastinator.app */;
			productType = "com.apple.product-type.application";
		};
/* End PBXNativeTarget section */

/* Begin PBXProject section */
		1201E6072B5E113100682E71 /* Project object */ = {
			isa = PBXProject;
			attributes = {
				BuildIndependentTargetsInParallel = 1;
				LastSwiftUpdateCheck = 1500;
				LastUpgradeCheck = 1500;
				TargetAttributes = {
					1201E60E2B5E113100682E71 = {
						CreatedOnToolsVersion = 15.0.1;
					};
				};
			};
			buildConfigurationList = 1201E60A2B5E113100682E71 /* Build configuration list for PBXProject "AntiProcrastinator" */;
			compatibilityVersion = "Xcode 14.0";
			developmentRegion = en;
			hasScannedForEncodings = 0;
			knownRegions = (
				en,
				Base,
			);
			mainGroup = 1201E6062B5E113100682E71;
			productRefGroup = 1201E6102B5E113100682E71 /* Products */;
			projectDirPath = "";
			projectRoot = "";
			targets = (
				1201E60E2B5E113100682E71 /* AntiProcrastinator */,
			);
		};
/* End PBXProject section */

/* Begin PBXResourcesBuildPhase section */
		1201E60D2B5E113100682E71 /* Resources */ = {
			isa = PBXResourcesBuildPhase;
			buildActionMask = 2147483647;
			files = (
				1201E61F2B5E113200682E71 /* LaunchScreen.storyboard in Resources */,
				1201E61C2B5E113200682E71 /* Assets.xcassets in Resources */,
			);
			runOnlyForDeploymentPostprocessing = 0;
		};
/* End PBXResourcesBuildPhase section */

/* Begin PBXSourcesBuildPhase section */
		1201E60B2B5E113100682E71 /* Sources */ = {
			isa = PBXSourcesBuildPhase;
			buildActionMask = 2147483647;
			files = (
				1201E6342B5E194800682E71 /* UIColor+Extension.swift in Sources */,
				1201E6172B5E113100682E71 /* SplashViewController.swift in Sources */,
				1201E6132B5E113100682E71 /* AppDelegate.swift in Sources */,
				1201E62E2B5E186200682E71 /* GradientView.swift in Sources */,
				1201E6282B5E177100682E71 /* SplashView.swift in Sources */,
				1201E6312B5E18E100682E71 /* String+Extension.swift in Sources */,
				1201E62A2B5E177F00682E71 /* SplashViewModel.swift in Sources */,
			);
			runOnlyForDeploymentPostprocessing = 0;
		};
/* End PBXSourcesBuildPhase section */

/* Begin PBXVariantGroup section */
		1201E61D2B5E113200682E71 /* LaunchScreen.storyboard */ = {
			isa = PBXVariantGroup;
			children = (
				1201E61E2B5E113200682E71 /* Base */,
			);
			name = LaunchScreen.storyboard;
			sourceTree = "<group>";
		};
/* End PBXVariantGroup section */

/* Begin XCBuildConfiguration section */
		1201E6212B5E113200682E71 /* Debug */ = {
			isa = XCBuildConfiguration;
			buildSettings = {
				ALWAYS_SEARCH_USER_PATHS = NO;
				ASSETCATALOG_COMPILER_GENERATE_SWIFT_ASSET_SYMBOL_EXTENSIONS = YES;
				CLANG_ANALYZER_NONNULL = YES;
				CLANG_ANALYZER_NUMBER_OBJECT_CONVERSION = YES_AGGRESSIVE;
				CLANG_CXX_LANGUAGE_STANDARD = "gnu++20";
				CLANG_ENABLE_MODULES = YES;
				CLANG_ENABLE_OBJC_ARC = YES;
				CLANG_ENABLE_OBJC_WEAK = YES;
				CLANG_WARN_BLOCK_CAPTURE_AUTORELEASING = YES;
				CLANG_WARN_BOOL_CONVERSION = YES;
				CLANG_WARN_COMMA = YES;
				CLANG_WARN_CONSTANT_CONVERSION = YES;
				CLANG_WARN_DEPRECATED_OBJC_IMPLEMENTATIONS = YES;
				CLANG_WARN_DIRECT_OBJC_ISA_USAGE = YES_ERROR;
				CLANG_WARN_DOCUMENTATION_COMMENTS = YES;
				CLANG_WARN_EMPTY_BODY = YES;
				CLANG_WARN_ENUM_CONVERSION = YES;
				CLANG_WARN_INFINITE_RECURSION = YES;
				CLANG_WARN_INT_CONVERSION = YES;
				CLANG_WARN_NON_LITERAL_NULL_CONVERSION = YES;
				CLANG_WARN_OBJC_IMPLICIT_RETAIN_SELF = YES;
				CLANG_WARN_OBJC_LITERAL_CONVERSION = YES;
				CLANG_WARN_OBJC_ROOT_CLASS = YES_ERROR;
				CLANG_WARN_QUOTED_INCLUDE_IN_FRAMEWORK_HEADER = YES;
				CLANG_WARN_RANGE_LOOP_ANALYSIS = YES;
				CLANG_WARN_STRICT_PROTOTYPES = YES;
				CLANG_WARN_SUSPICIOUS_MOVE = YES;
				CLANG_WARN_UNGUARDED_AVAILABILITY = YES_AGGRESSIVE;
				CLANG_WARN_UNREACHABLE_CODE = YES;
				CLANG_WARN__DUPLICATE_METHOD_MATCH = YES;
				COPY_PHASE_STRIP = NO;
				DEBUG_INFORMATION_FORMAT = dwarf;
				ENABLE_STRICT_OBJC_MSGSEND = YES;
				ENABLE_TESTABILITY = YES;
				ENABLE_USER_SCRIPT_SANDBOXING = YES;
				GCC_C_LANGUAGE_STANDARD = gnu17;
				GCC_DYNAMIC_NO_PIC = NO;
				GCC_NO_COMMON_BLOCKS = YES;
				GCC_OPTIMIZATION_LEVEL = 0;
				GCC_PREPROCESSOR_DEFINITIONS = (
					"DEBUG=1",
					"$(inherited)",
				);
				GCC_WARN_64_TO_32_BIT_CONVERSION = YES;
				GCC_WARN_ABOUT_RETURN_TYPE = YES_ERROR;
				GCC_WARN_UNDECLARED_SELECTOR = YES;
				GCC_WARN_UNINITIALIZED_AUTOS = YES_AGGRESSIVE;
				GCC_WARN_UNUSED_FUNCTION = YES;
				GCC_WARN_UNUSED_VARIABLE = YES;
				IPHONEOS_DEPLOYMENT_TARGET = 17.0;
				LOCALIZATION_PREFERS_STRING_CATALOGS = YES;
				MTL_ENABLE_DEBUG_INFO = INCLUDE_SOURCE;
				MTL_FAST_MATH = YES;
				ONLY_ACTIVE_ARCH = YES;
				SDKROOT = iphoneos;
				SWIFT_ACTIVE_COMPILATION_CONDITIONS = "DEBUG $(inherited)";
				SWIFT_OPTIMIZATION_LEVEL = "-Onone";
			};
			name = Debug;
		};
		1201E6222B5E113200682E71 /* Release */ = {
			isa = XCBuildConfiguration;
			buildSettings = {
				ALWAYS_SEARCH_USER_PATHS = NO;
				ASSETCATALOG_COMPILER_GENERATE_SWIFT_ASSET_SYMBOL_EXTENSIONS = YES;
				CLANG_ANALYZER_NONNULL = YES;
				CLANG_ANALYZER_NUMBER_OBJECT_CONVERSION = YES_AGGRESSIVE;
				CLANG_CXX_LANGUAGE_STANDARD = "gnu++20";
				CLANG_ENABLE_MODULES = YES;
				CLANG_ENABLE_OBJC_ARC = YES;
				CLANG_ENABLE_OBJC_WEAK = YES;
				CLANG_WARN_BLOCK_CAPTURE_AUTORELEASING = YES;
				CLANG_WARN_BOOL_CONVERSION = YES;
				CLANG_WARN_COMMA = YES;
				CLANG_WARN_CONSTANT_CONVERSION = YES;
				CLANG_WARN_DEPRECATED_OBJC_IMPLEMENTATIONS = YES;
				CLANG_WARN_DIRECT_OBJC_ISA_USAGE = YES_ERROR;
				CLANG_WARN_DOCUMENTATION_COMMENTS = YES;
				CLANG_WARN_EMPTY_BODY = YES;
				CLANG_WARN_ENUM_CONVERSION = YES;
				CLANG_WARN_INFINITE_RECURSION = YES;
				CLANG_WARN_INT_CONVERSION = YES;
				CLANG_WARN_NON_LITERAL_NULL_CONVERSION = YES;
				CLANG_WARN_OBJC_IMPLICIT_RETAIN_SELF = YES;
				CLANG_WARN_OBJC_LITERAL_CONVERSION = YES;
				CLANG_WARN_OBJC_ROOT_CLASS = YES_ERROR;
				CLANG_WARN_QUOTED_INCLUDE_IN_FRAMEWORK_HEADER = YES;
				CLANG_WARN_RANGE_LOOP_ANALYSIS = YES;
				CLANG_WARN_STRICT_PROTOTYPES = YES;
				CLANG_WARN_SUSPICIOUS_MOVE = YES;
				CLANG_WARN_UNGUARDED_AVAILABILITY = YES_AGGRESSIVE;
				CLANG_WARN_UNREACHABLE_CODE = YES;
				CLANG_WARN__DUPLICATE_METHOD_MATCH = YES;
				COPY_PHASE_STRIP = NO;
				DEBUG_INFORMATION_FORMAT = "dwarf-with-dsym";
				ENABLE_NS_ASSERTIONS = NO;
				ENABLE_STRICT_OBJC_MSGSEND = YES;
				ENABLE_USER_SCRIPT_SANDBOXING = YES;
				GCC_C_LANGUAGE_STANDARD = gnu17;
				GCC_NO_COMMON_BLOCKS = YES;
				GCC_WARN_64_TO_32_BIT_CONVERSION = YES;
				GCC_WARN_ABOUT_RETURN_TYPE = YES_ERROR;
				GCC_WARN_UNDECLARED_SELECTOR = YES;
				GCC_WARN_UNINITIALIZED_AUTOS = YES_AGGRESSIVE;
				GCC_WARN_UNUSED_FUNCTION = YES;
				GCC_WARN_UNUSED_VARIABLE = YES;
				IPHONEOS_DEPLOYMENT_TARGET = 17.0;
				LOCALIZATION_PREFERS_STRING_CATALOGS = YES;
				MTL_ENABLE_DEBUG_INFO = NO;
				MTL_FAST_MATH = YES;
				SDKROOT = iphoneos;
				SWIFT_COMPILATION_MODE = wholemodule;
				VALIDATE_PRODUCT = YES;
			};
			name = Release;
		};
		1201E6242B5E113200682E71 /* Debug */ = {
			isa = XCBuildConfiguration;
			buildSettings = {
				ASSETCATALOG_COMPILER_APPICON_NAME = AppIcon;
				ASSETCATALOG_COMPILER_GLOBAL_ACCENT_COLOR_NAME = AccentColor;
				CODE_SIGN_STYLE = Automatic;
				CURRENT_PROJECT_VERSION = 1;
				DEVELOPMENT_TEAM = D23Z5VP235;
				GENERATE_INFOPLIST_FILE = YES;
				INFOPLIST_FILE = AntiProcrastinator/Info.plist;
				INFOPLIST_KEY_UIApplicationSupportsIndirectInputEvents = YES;
				INFOPLIST_KEY_UILaunchStoryboardName = LaunchScreen;
				INFOPLIST_KEY_UISupportedInterfaceOrientations_iPad = "UIInterfaceOrientationPortrait UIInterfaceOrientationPortraitUpsideDown UIInterfaceOrientationLandscapeLeft UIInterfaceOrientationLandscapeRight";
				INFOPLIST_KEY_UISupportedInterfaceOrientations_iPhone = "UIInterfaceOrientationPortrait UIInterfaceOrientationLandscapeLeft UIInterfaceOrientationLandscapeRight";
				LD_RUNPATH_SEARCH_PATHS = (
					"$(inherited)",
					"@executable_path/Frameworks",
				);
				MARKETING_VERSION = 1.0;
				PRODUCT_BUNDLE_IDENTIFIER = Artem.AntiProcrastinator;
				PRODUCT_NAME = "$(TARGET_NAME)";
				SWIFT_EMIT_LOC_STRINGS = YES;
				SWIFT_VERSION = 5.0;
				TARGETED_DEVICE_FAMILY = "1,2";
			};
			name = Debug;
		};
		1201E6252B5E113200682E71 /* Release */ = {
			isa = XCBuildConfiguration;
			buildSettings = {
				ASSETCATALOG_COMPILER_APPICON_NAME = AppIcon;
				ASSETCATALOG_COMPILER_GLOBAL_ACCENT_COLOR_NAME = AccentColor;
				CODE_SIGN_STYLE = Automatic;
				CURRENT_PROJECT_VERSION = 1;
				DEVELOPMENT_TEAM = D23Z5VP235;
				GENERATE_INFOPLIST_FILE = YES;
				INFOPLIST_FILE = AntiProcrastinator/Info.plist;
				INFOPLIST_KEY_UIApplicationSupportsIndirectInputEvents = YES;
				INFOPLIST_KEY_UILaunchStoryboardName = LaunchScreen;
				INFOPLIST_KEY_UISupportedInterfaceOrientations_iPad = "UIInterfaceOrientationPortrait UIInterfaceOrientationPortraitUpsideDown UIInterfaceOrientationLandscapeLeft UIInterfaceOrientationLandscapeRight";
				INFOPLIST_KEY_UISupportedInterfaceOrientations_iPhone = "UIInterfaceOrientationPortrait UIInterfaceOrientationLandscapeLeft UIInterfaceOrientationLandscapeRight";
				LD_RUNPATH_SEARCH_PATHS = (
					"$(inherited)",
					"@executable_path/Frameworks",
				);
				MARKETING_VERSION = 1.0;
				PRODUCT_BUNDLE_IDENTIFIER = Artem.AntiProcrastinator;
				PRODUCT_NAME = "$(TARGET_NAME)";
				SWIFT_EMIT_LOC_STRINGS = YES;
				SWIFT_VERSION = 5.0;
				TARGETED_DEVICE_FAMILY = "1,2";
			};
			name = Release;
		};
/* End XCBuildConfiguration section */

/* Begin XCConfigurationList section */
		1201E60A2B5E113100682E71 /* Build configuration list for PBXProject "AntiProcrastinator" */ = {
			isa = XCConfigurationList;
			buildConfigurations = (
				1201E6212B5E113200682E71 /* Debug */,
				1201E6222B5E113200682E71 /* Release */,
			);
			defaultConfigurationIsVisible = 0;
			defaultConfigurationName = Release;
		};
		1201E6232B5E113200682E71 /* Build configuration list for PBXNativeTarget "AntiProcrastinator" */ = {
			isa = XCConfigurationList;
			buildConfigurations = (
				1201E6242B5E113200682E71 /* Debug */,
				1201E6252B5E113200682E71 /* Release */,
			);
			defaultConfigurationIsVisible = 0;
			defaultConfigurationName = Release;
		};
/* End XCConfigurationList section */
	};
	rootObject = 1201E6072B5E113100682E71 /* Project object */;
}
